{
  "nodes": {
    "iosevka": {
      "inputs": {
        "nixpkgs": "nixpkgs",
        "utils": "utils"
      },
      "locked": {
        "lastModified": 1679684486,
        "narHash": "sha256-XMpeeKmzxYpkh8uuxyGHcYzgORVysC8vMIVbzQdPtTs=",
        "owner": "Xe",
        "repo": "iosevka",
        "rev": "85a6850cf67884b2d4752442bb9246415681e9e9",
        "type": "github"
      },
      "original": {
        "owner": "Xe",
        "repo": "iosevka",
        "type": "github"
      }
    },
    "nixpkgs": {
      "locked": {
        "lastModified": 1678898370,
        "narHash": "sha256-xTICr1j+uat5hk9FyuPOFGxpWHdJRibwZC+ATi0RbtE=",
        "owner": "NixOS",
        "repo": "nixpkgs",
        "rev": "ac718d02867a84b42522a0ece52d841188208f2c",
        "type": "github"
      },
      "original": {
        "id": "nixpkgs",
        "ref": "nixos-unstable",
        "type": "indirect"
      }
    },
    "nixpkgs_2": {
      "locked": {
        "lastModified": 1681217261,
        "narHash": "sha256-RbxCHWN3Vhyv/WEsXcJlDwF7bpvZ9NxDjfSouQxXEKo=",
        "owner": "NixOS",
        "repo": "nixpkgs",
        "rev": "3fb8eedc450286d5092e4953118212fa21091b3b",
        "type": "github"
      },
      "original": {
        "id": "nixpkgs",
        "ref": "nixos-unstable",
        "type": "indirect"
      }
    },
    "root": {
      "inputs": {
        "iosevka": "iosevka",
        "nixpkgs": "nixpkgs_2",
        "typst": "typst",
        "utils": "utils_2"
      }
    },
    "systems": {
      "locked": {
        "lastModified": 1681028828,
        "narHash": "sha256-Vy1rq5AaRuLzOxct8nz4T6wlgyUR7zLU309k9mBC768=",
        "owner": "nix-systems",
        "repo": "default",
        "rev": "da67096a3b9bf56a91d16901293e51ba5b49a27e",
        "type": "github"
      },
      "original": {
        "owner": "nix-systems",
        "repo": "default",
        "type": "github"
      }
    },
    "typst": {
      "inputs": {
        "nixpkgs": [
          "nixpkgs"
        ]
      },
      "locked": {
        "lastModified": 1681296471,
        "narHash": "sha256-437YmGedi3S8GT7WOQTgruQEl/+QqB/8mOuGpJphjYg=",
        "owner": "typst",
        "repo": "typst",
        "rev": "1198e0cd385737efc38dbd8ba13db802a68e0dc7",
        "type": "github"
      },
      "original": {
        "owner": "typst",
        "repo": "typst",
        "type": "github"
      }
    },
    "utils": {
      "locked": {
        "lastModified": 1678901627,
        "narHash": "sha256-U02riOqrKKzwjsxc/400XnElV+UtPUQWpANPlyazjH0=",
        "owner": "numtide",
        "repo": "flake-utils",
        "rev": "93a2b84fc4b70d9e089d029deacc3583435c2ed6",
        "type": "github"
      },
      "original": {
        "owner": "numtide",
        "repo": "flake-utils",
        "type": "github"
      }
    },
    "utils_2": {
      "inputs": {
        "systems": "systems"
      },
      "locked": {
        "lastModified": 1681202837,
        "narHash": "sha256-H+Rh19JDwRtpVPAWp64F+rlEtxUWBAQW28eAi3SRSzg=",
        "owner": "numtide",
        "repo": "flake-utils",
        "rev": "cfacdce06f30d2b68473a46042957675eebb3401",
        "type": "github"
      },
      "original": {
        "owner": "numtide",
        "repo": "flake-utils",
        "type": "github"
      }
    }
  },
  "root": "root",
  "version": 7
}
